
Microsoft Visual Studio Solution File, Format Version 12.00
# Visual Studio Version 16
VisualStudioVersion = 16.0.29418.71
MinimumVisualStudioVersion = 10.0.40219.1
Project("{FAE04EC0-301F-11D3-BF4B-00C04F79EFBC}") = "List", "AList\List.csproj", "{E1FD5A83-CD75-4F82-A6B4-336F01600FBE}"
EndProject
Project("{9A19103F-16F7-4668-BE54-9A1E7A4F7556}") = "UnitTest", "UnitTest\UnitTest.csproj", "{8159DADB-C893-4A5D-8FF8-84D88120A998}"
EndProject
Global
	GlobalSection(SolutionConfigurationPlatforms) = preSolution
		Debug|Any CPU = Debug|Any CPU
		Release|Any CPU = Release|Any CPU
	EndGlobalSection
	GlobalSection(ProjectConfigurationPlatforms) = postSolution
		{E1FD5A83-CD75-4F82-A6B4-336F01600FBE}.Debug|Any CPU.ActiveCfg = Debug|Any CPU
		{E1FD5A83-CD75-4F82-A6B4-336F01600FBE}.Debug|Any CPU.Build.0 = Debug|Any CPU
		{E1FD5A83-CD75-4F82-A6B4-336F01600FBE}.Release|Any CPU.ActiveCfg = Release|Any CPU
		{E1FD5A83-CD75-4F82-A6B4-336F01600FBE}.Release|Any CPU.Build.0 = Release|Any CPU
		{8159DADB-C893-4A5D-8FF8-84D88120A998}.Debug|Any CPU.ActiveCfg = Debug|Any CPU
		{8159DADB-C893-4A5D-8FF8-84D88120A998}.Debug|Any CPU.Build.0 = Debug|Any CPU
		{8159DADB-C893-4A5D-8FF8-84D88120A998}.Release|Any CPU.ActiveCfg = Release|Any CPU
		{8159DADB-C893-4A5D-8FF8-84D88120A998}.Release|Any CPU.Build.0 = Release|Any CPU
	EndGlobalSection
	GlobalSection(SolutionProperties) = preSolution
		HideSolutionNode = FALSE
	EndGlobalSection
	GlobalSection(ExtensibilityGlobals) = postSolution
		SolutionGuid = {2F3832E4-43E5-4B91-88A3-C017E68E5DC8}
	EndGlobalSection
EndGlobal
